
Microsoft Visual Studio Solution File, Format Version 12.00
# Visual Studio Version 16
VisualStudioVersion = 16.0.31205.134
MinimumVisualStudioVersion = 10.0.40219.1
Project("{FAE04EC0-301F-11D3-BF4B-00C04F79EFBC}") = "MinBBox", "MinBBox\MinBBox.csproj", "{C76E4F1E-8C5D-4694-AACB-7E9F6D37D758}"
EndProject
Global
	GlobalSection(SolutionConfigurationPlatforms) = preSolution
		Debug|Any CPU = Debug|Any CPU
		Release|Any CPU = Release|Any CPU
	EndGlobalSection
	GlobalSection(ProjectConfigurationPlatforms) = postSolution
		{C76E4F1E-8C5D-4694-AACB-7E9F6D37D758}.Debug|Any CPU.ActiveCfg = Debug|Any CPU
		{C76E4F1E-8C5D-4694-AACB-7E9F6D37D758}.Debug|Any CPU.Build.0 = Debug|Any CPU
		{C76E4F1E-8C5D-4694-AACB-7E9F6D37D758}.Release|Any CPU.ActiveCfg = Release|Any CPU
		{C76E4F1E-8C5D-4694-AACB-7E9F6D37D758}.Release|Any CPU.Build.0 = Release|Any CPU
	EndGlobalSection
	GlobalSection(SolutionProperties) = preSolution
		HideSolutionNode = FALSE
	EndGlobalSection
	GlobalSection(ExtensibilityGlobals) = postSolution
		SolutionGuid = {3551333F-CE62-4A36-A7AC-C46849EC3FBD}
	EndGlobalSection
EndGlobal
